{
  "name": "locked-npm-project",
  "version": "1.0.0",
  "lockfileVersion": 3,
  "requires": true,
  "packages": {
    "": {
      "name": "locked-npm-project",
      "version": "1.0.0",
      "dependencies": {
        "fixture-tool": "file:fixture-tool"
      }
    },
    "fixture-tool": {
      "version": "1.0.0",
      "bin": {
        "fixture-tool": "cli.js"
      }
    },
    "node_modules/fixture-tool": {
      "resolved": "fixture-tool",
      "link": true
    }
  }
}
