# Generated by `kb sync pull`. Do not edit by hand.
base_commit: 4d5e5c06a7cf269c5f86b050a16a6f82bb5c29bc
imported_at: 2026-08-02
files:
  - { path: docs/adr/ADR-0001-morphir-ir-sum-types-in-go.md, kind: concept, upstream_sha256: 8b6884b2e02a29e92c299061dac321a6495367565907bdbb2d144591200b91d7 }
  - { path: docs/adr/ADR-0002-processing-pipeline.md, kind: concept, upstream_sha256: 437a52ff51ebc586c35136ae3191bee64611c129678ace58bd0569bc98a0f63e }
  - { path: docs/design/draft/ir/AGENTS.md, kind: concept, upstream_sha256: 82b06a912eba013d2a183abdb7e4dec9cf9f6caad3d6b1ca00bbef57ddabe9cd }
  - { path: docs/design/draft/ir/README.md, kind: concept, upstream_sha256: ee1f6495bb837545de118a0bced8b4b817ecc75512df680cce9a128663c177ff }
  - { path: docs/design/draft/ir/_category_.yml, kind: asset, upstream_sha256: 5710cbd35df397255f214eecd52261da44f71aed0775b3421465c15b0a855754 }
  - { path: docs/design/draft/ir/annotations.md, kind: concept, upstream_sha256: 4c748ad2f39cd9cfa06b2acc2766974f17152477cd5f44bf9891be7ec345c539 }
  - { path: docs/design/draft/ir/attributes.mdx, kind: asset, upstream_sha256: 04f95ab3f96c2d137e9d09b70e2df355a122fcd555ba3c45c6096587d7f84903 }
  - { path: docs/design/draft/ir/decorations.md, kind: concept, upstream_sha256: 444aef905504f5afd551a85b4a8681c7df61445f8b86768b32f77ae68e51a6fb }
  - { path: docs/design/draft/ir/distributions.md, kind: concept, upstream_sha256: 1cd1ab26bfbafeca8835fe88a94ff4ac2b265f668a31cc8c2ba96005a93f1c80 }
  - { path: docs/design/draft/ir/document.md, kind: concept, upstream_sha256: b4015aa5e26436632a49de252ef8940f7ae2680ee4bab5389c87322218b2d225 }
  - { path: docs/design/draft/ir/meta.md, kind: concept, upstream_sha256: 1282ab23e5f1cc008cd122befd1a1f1a37c0fd2e0390860d1edf0337cd27d537 }
  - { path: docs/design/draft/ir/modules.md, kind: concept, upstream_sha256: f08873d23b6f196a3179cb191bf97950183f235b03627b8917382511fbcebd50 }
  - { path: docs/design/draft/ir/naming.md, kind: concept, upstream_sha256: 2b24752cc2b40b26caf061b81df4078e5014b7056dbacd3bc1b42bd6ef26196b }
  - { path: docs/design/draft/ir/packages.md, kind: concept, upstream_sha256: ea6a7d5cd22d36fcd2c301c881c7ef6c616d17bdd66a6b7d38a921f7231c0adc }
  - { path: docs/design/draft/ir/refs.md, kind: concept, upstream_sha256: 5fe34a65f89a5a86c043172199d330871025f6078456c1e8ca40f90f133ba758 }
  - { path: docs/design/draft/ir/types.md, kind: concept, upstream_sha256: f19229e6b8b075ad4949456d06951a64c08dad88e4c5f5a4cc5de506cabd186d }
  - { path: docs/design/draft/ir/values.md, kind: concept, upstream_sha256: e161567e696444da84223414ea7ebe403e34757d4877c996388ea8a528bbaf57 }
  - { path: docs/spec/draft/_category_.yml, kind: asset, upstream_sha256: 43b44ed26e82681f8b6637db27688aacb9fa69cbcd3d5414a835656a9664bf53 }
  - { path: docs/spec/draft/attributes.md, kind: concept, upstream_sha256: a0b2775f7fab3b501534faff5356f30fa82551a4fe26b82b5b116b79be9abba5 }
  - { path: docs/spec/draft/distribution.md, kind: concept, upstream_sha256: 3f193d93f49f7d1b26a2e29125b09de37b6361b389b1c503b0f1e513a50e9498 }
  - { path: docs/spec/draft/index.md, kind: concept, upstream_sha256: e71eff21efc37b332c78d2407bb883665babebc77bcea253953f284d41928b64 }
  - { path: docs/spec/draft/modules.md, kind: concept, upstream_sha256: e67b58ba4688dd760495632424f16d197f3c1a89d3074b2b45e5b16fc34a3ee0 }
  - { path: docs/spec/draft/names.md, kind: concept, upstream_sha256: 7dbf0a7369d983a51d06a7e1e04048a929299f7dc9e924cac7b02d1a0f626684 }
  - { path: docs/spec/draft/packages.md, kind: concept, upstream_sha256: b3a3422b852e8cf85e018521be6b84762bbf022349496d6c6c7bdc909b3a8e37 }
  - { path: docs/spec/draft/schemas.md, kind: concept, upstream_sha256: 242948a902a817c4b8e28a7ed9f66db3ee8ff5fb8c089b247436dcdc1e0fecca }
  - { path: docs/spec/draft/types.md, kind: concept, upstream_sha256: d0da5af881f50d9606b0aa89730994e41a676cce7ead421f7ea21a8bf8871df9 }
  - { path: docs/spec/draft/values.md, kind: concept, upstream_sha256: a7181dc5686bf106622d4cbee85d6682f48757009217a7bf6585baf6de766666 }
  - { path: docs/spec/draft/whats-new.md, kind: concept, upstream_sha256: ee7c3e8ee61e7d9da5140c1d2b1720d80c08f988b3a07d8132dc048b0a0b96a8 }
  - { path: docs/spec/ir/_category_.yml, kind: asset, upstream_sha256: 6e92708a411a268bb3d5df984b6f408e1b7618d8080320b2f34a58ff11bf88de }
  - { path: docs/spec/ir/morphir-ir-specification.md, kind: concept, upstream_sha256: bd6a0dc852f77e6839883ff3fc9e0ef9c88c6c1a3138394e9142c1cbdc253b2f }
  - { path: docs/spec/ir/schemas/_category_.yml, kind: asset, upstream_sha256: ede2ff14560efd3862a75c865fa361d3d6ab431226d41289d897596cb2f1b04b }
  - { path: docs/spec/ir/schemas/index.md, kind: concept, upstream_sha256: e505139eeddf2c9064409749e04275f7a6d1a399ca572b8b910bafd59032d55c }
  - { path: docs/spec/ir/schemas/migration-guide.md, kind: concept, upstream_sha256: aeec9650af89e73364da27db715a1944a28b8378e1443e8246c1c31c7012b288 }
  - { path: docs/spec/ir/schemas/v1/_category_.yml, kind: asset, upstream_sha256: ff494ed992a911bdb0ba8f240b81be6c7bdfd0072584350a63cd02c1948b99bc }
  - { path: docs/spec/ir/schemas/v1/full/index.md, kind: concept, upstream_sha256: a84ffdda57ef63181ef738aa64857bfe214432ab272a843625cd46365e5554f9 }
  - { path: docs/spec/ir/schemas/v1/full/schema-checker.mdx, kind: asset, upstream_sha256: 40b86e2e0662629021bb64a0892ca3f6ad51eb95930d2c24d58f3e103fc321a3 }
  - { path: docs/spec/ir/schemas/v1/full/schema-viewer.mdx, kind: asset, upstream_sha256: 216936e0eb0fea626bdfce85b95375dcb6d83b4fa0b2713d9c6b13c944b9c550 }
  - { path: docs/spec/ir/schemas/v1/index.md, kind: concept, upstream_sha256: 690b75ee51457e28b639c352513cea0e1c02d8305ea89d3380994024a7cf8d82 }
  - { path: docs/spec/ir/schemas/v2/_category_.yml, kind: asset, upstream_sha256: 81cc2553a87bec13dec98d2354b89a3be3eb029f626abec67d035659862c94eb }
  - { path: docs/spec/ir/schemas/v2/full/index.md, kind: concept, upstream_sha256: adfbb85a0c0aaa23a01aba6a8cf272aac08899f8e3fc3693dcdff2fb6b64cf50 }
  - { path: docs/spec/ir/schemas/v2/full/schema-checker.mdx, kind: asset, upstream_sha256: 33de73270bc09a5734c86ad42057c2d7254bf5732df2ad96751005c021f8f5b5 }
  - { path: docs/spec/ir/schemas/v2/full/schema-viewer.mdx, kind: asset, upstream_sha256: b281b29c3524896d78a8b549e17e9f5c23664fba9c9072f4a77c59f8a2acea54 }
  - { path: docs/spec/ir/schemas/v2/index.md, kind: concept, upstream_sha256: ec942d7a4026516e6164231db550864d60572fd08c030694503d3cb837b19444 }
  - { path: docs/spec/ir/schemas/v2/whats-new.md, kind: concept, upstream_sha256: 49133b42585d13f17d7308f5942ac8c8cf75fe9c138b774d6c60af0117856aee }
  - { path: docs/spec/ir/schemas/v3/_category_.yml, kind: asset, upstream_sha256: 15957f7a9bcaa49ffb54b10d757cc4a9fa1f59e30e447773728c5309782f4c9f }
  - { path: docs/spec/ir/schemas/v3/full/index.md, kind: concept, upstream_sha256: 3e4bb6c6cb7b38fb5803f570b755d9852c1da689e3cf6cb7864bf7edf77635b1 }
  - { path: docs/spec/ir/schemas/v3/full/schema-checker.mdx, kind: asset, upstream_sha256: 3e6a5cc1748b193346c9081e9d878878c72a20f32d9999ade4376aabb5878522 }
  - { path: docs/spec/ir/schemas/v3/full/schema-viewer.mdx, kind: asset, upstream_sha256: d649b0df00fc528767d966d8ba35042a562ac53fa75ab28eeeb8891d93890af1 }
  - { path: docs/spec/ir/schemas/v3/index.md, kind: concept, upstream_sha256: b2e5326cc2bf539959bb681427c8544298fe59c85dd7a3d2cdf469405728f1f7 }
  - { path: docs/spec/ir/schemas/v3/whats-new.md, kind: concept, upstream_sha256: 460aab63540e34e31b96cb63de8c4db0457cd6aa9be6cac74a1fb44ee380db46 }
  - { path: docs/spec/ir/schemas/v4/_category_.yml, kind: asset, upstream_sha256: 240fd6b972a202d817bc517bc1a54c2d95fb99795dbbcd5b4ad654dad97131f1 }
  - { path: docs/spec/ir/schemas/v4/document-tree-files.md, kind: concept, upstream_sha256: cb97dca72194a1339b1770fcf8575a768aab6519bfde64a601a21183e2ea594d }
  - { path: docs/spec/ir/schemas/v4/full/_category_.yml, kind: asset, upstream_sha256: 1034c6c0e9896089ac32b63e3b1ae11d2b6bce126126faa823daded6d5191185 }
  - { path: docs/spec/ir/schemas/v4/full/index.md, kind: concept, upstream_sha256: 6bad3b333ff4664cbf0305f61c8bd5f4fe0cc139a00555e07cfb8f81404d67fa }
  - { path: docs/spec/ir/schemas/v4/full/schema-checker.mdx, kind: asset, upstream_sha256: 0a2da8760f80141200ceaca7e8732b3bc40b74892d80b3a0e8a46c9bde6b907d }
  - { path: docs/spec/ir/schemas/v4/full/schema-viewer.mdx, kind: asset, upstream_sha256: 6163ec8d5a47f077f0472e0df0dae4aac7591a1c84e8238bd8628007dd5e70cd }
  - { path: docs/spec/ir/schemas/v4/index.md, kind: concept, upstream_sha256: 99aa91134e736f8b1cfca90b30818859efaa5a3c0a6765a77bbc2a1d1474695b }
  - { path: docs/spec/ir/schemas/v4/whats-new.md, kind: concept, upstream_sha256: e50f6087fc6a51e95dd4bbf081ccc299ef70f1d13839ac1e8e802a2318430f6c }
  - { path: tests/bdd/features/ir/v4_compliance.feature, kind: asset, upstream_sha256: 37b35a0b83b9bb3547b4bb417fb265248b811199684e626750b54936faba3167 }
  - { path: tests/bdd/fixtures/ir/v4/hole-reason-examples.json, kind: asset, upstream_sha256: fd0fabd28a3debd93290ede23ac9b0ff3fa8a89ecf812a4c66b2e094d8ee4b6c }
  - { path: tests/bdd/fixtures/ir/v4/incomplete-type-definition-example.json, kind: asset, upstream_sha256: 0e000000b53f52aa2a3930cd4184de832577fe1d09a34eac4514e582dfdb497c }
  - { path: tests/bdd/fixtures/ir/v4/incompleteness-examples.json, kind: asset, upstream_sha256: c6315c5048d7a9ce7f42e7aee91d8efbdb636d726bb86ba46f6381d690e9e7af }
  - { path: tests/bdd/fixtures/ir/v4/literal-examples.json, kind: asset, upstream_sha256: 4970e6de10bb346ee070dbef1d5ac3ffb58f23e83e01f70ef4034187e18e7126 }
  - { path: tests/bdd/fixtures/ir/v4/native-hint-examples.json, kind: asset, upstream_sha256: 394142809f7703c23d7feea5e191a82c12aa9d14d2a9cee219719182a2ca4d39 }
  - { path: tests/bdd/fixtures/ir/v4/v4-library-distribution.json, kind: asset, upstream_sha256: 21574a7d7b90b9c51f6d0f1c44b36a07ee63d7ca99bd6de7d83751dc16ad91ee }
  - { path: website/static/ir/examples/v4/books-and-records-example.json, kind: asset, upstream_sha256: 997bca6ca3590be9d46231002f7ebf3b11e0e108e2343ae71086f8ced3ce666d }
  - { path: website/static/ir/examples/v4/complete-example.json, kind: asset, upstream_sha256: 8aaddf8318d73932fc53820d2048474e1cb48bde2772e1223f848cec1608e7c1 }
  - { path: website/static/ir/examples/v4/index.json, kind: asset, upstream_sha256: fba3dd624acc3c4315fe54a89421c54928e6f0d5fad11210db4785f9775fc91e }
  - { path: website/static/schemas/morphir-config-v1.yaml, kind: asset, upstream_sha256: 2f8497a3ac94b1e828fed6735c78630d36cb8bbfccc5b435446ebd5c1b921746 }
  - { path: website/static/schemas/morphir-ir-v1.yaml, kind: asset, upstream_sha256: 1607921281ddc92f1accac256ebf711bafc5cd946eda5f02947ce580c2aa77b3 }
  - { path: website/static/schemas/morphir-ir-v2.yaml, kind: asset, upstream_sha256: 410805bc7aa6a42cebf6a6b7aff7d123c6697c865b26d0315fb963576fb36a6e }
  - { path: website/static/schemas/morphir-ir-v3.yaml, kind: asset, upstream_sha256: eeb11835b7b1f6bf31d7801823389315b9bb44926dfee82938906590c3be70d5 }
  - { path: website/static/schemas/morphir-ir-v4-document-tree-files.yaml, kind: asset, upstream_sha256: 3518c81112c9d3d5652668fead42a30ae2a312219b4dd517acbb68afbff5c6f9 }
  - { path: website/static/schemas/morphir-ir-v4.yaml, kind: asset, upstream_sha256: e5a7a9e72dc1d9b7fe2ea4513c0eee63f2ebbfa717b1a71c9af87aa792fb89c4 }
  - { path: website/static/schemas/morphir-project-v1.yaml, kind: asset, upstream_sha256: 17529081f5ce0a9da1e19e5582231aeb59455dcda8ad82a2756570a211144dd2 }
  - { path: wit/morphir-ir/distributions.wit, kind: asset, upstream_sha256: 519caa3bac3b78feccccb39c181486266725205550f5a6608cc574eda36cd1b6 }
  - { path: wit/morphir-ir/document.wit, kind: asset, upstream_sha256: 5920ca0696197f401ef5ce2e430ee9dcc79e091bb581a3cde5f2f40b03bda507 }
  - { path: wit/morphir-ir/modules.wit, kind: asset, upstream_sha256: cd11986e6543a87186d3394c89efcb485460537e6b04fc070730249a8528b715 }
  - { path: wit/morphir-ir/naming.wit, kind: asset, upstream_sha256: 48c3ddf27a42571877983fd5c98bc00357fe0162148c53bbe49ebd3de9b92748 }
  - { path: wit/morphir-ir/packages.wit, kind: asset, upstream_sha256: 84b17ac922e1f304451b13789bc492e622b7f0a22a5d34d17cd7ad1f958f2e2d }
  - { path: wit/morphir-ir/types.wit, kind: asset, upstream_sha256: ddb8c27451e24e3dc63c729a0f69d153b1130357aca0b22e12db7a91b9c7a9e7 }
  - { path: wit/morphir-ir/values.wit, kind: asset, upstream_sha256: cbacc807178836c5b6a115e707e34af98cbf1af78fb58c72886e9032f7add00c }
