{
  "name": "morphir-scala-elm-format-tool",
  "lockfileVersion": 3,
  "requires": true,
  "packages": {
    "": {
      "name": "morphir-scala-elm-format-tool",
      "hasInstallScript": true,
      "devDependencies": {
        "elm-tooling": "^1.15.1"
      }
    },
    "node_modules/elm-tooling": {
      "version": "1.20.0",
      "resolved": "https://registry.npmjs.org/elm-tooling/-/elm-tooling-1.20.0.tgz",
      "integrity": "sha512-mEuth6pm5Sd+uZNfyXJS6OgjT0UG1N6zdUf0j1pTl9SiEkvpB2bx454dAS8GKB8wi6c2+hq1u8AFSTeR0nuK9Q==",
      "dev": true,
      "license": "MIT",
      "bin": {
        "elm-tooling": "index.js"
      }
    }
  }
}
